
Microsoft Visual Studio Solution File, Format Version 12.00
# Visual Studio Version 17
VisualStudioVersion = 17.9.34607.119
MinimumVisualStudioVersion = 10.0.40219.1
Project("{9A19103F-16F7-4668-BE54-9A1E7A4F7556}") = "AStar.WebApi", "AStar.WebApi\AStar.WebApi.csproj", "{37B90B81-2E16-4986-BB0E-D2A90C202B63}"
EndProject
Project("{2150E333-8FDC-42A3-9474-1A3956D46DE8}") = "src", "src", "{B9786DEB-A96B-4FEF-814B-4320AE32DEB6}"
EndProject
Project("{2150E333-8FDC-42A3-9474-1A3956D46DE8}") = "tests", "tests", "{A9E3550A-94BA-4036-AB42-714401960D02}"
EndProject
Project("{2150E333-8FDC-42A3-9474-1A3956D46DE8}") = "unit tests", "unit tests", "{A6531486-1757-48E4-9D1A-7FC4AED46D9B}"
EndProject
Project("{9A19103F-16F7-4668-BE54-9A1E7A4F7556}") = "AStar.WebApi.Unit.Tests", "AStar.WebApi.Unit.Tests\AStar.WebApi.Unit.Tests.csproj", "{943D01B1-DE29-418E-9E69-B3556BBBCABB}"
EndProject
Project("{2150E333-8FDC-42A3-9474-1A3956D46DE8}") = "integration tests", "integration tests", "{384A6288-931A-4DA6-AE51-B8E4C987BD05}"
EndProject
Project("{FAE04EC0-301F-11D3-BF4B-00C04F79EFBC}") = "AStar.WebApi.Integration.Tests", "AStar.WebApi.Integration.Tests\AStar.WebApi.Integration.Tests.csproj", "{F6EC7075-84E4-4CB6-838D-8A0A00EB1B73}"
EndProject
Global
	GlobalSection(SolutionConfigurationPlatforms) = preSolution
		Debug|Any CPU = Debug|Any CPU
		Release|Any CPU = Release|Any CPU
	EndGlobalSection
	GlobalSection(ProjectConfigurationPlatforms) = postSolution
		{37B90B81-2E16-4986-BB0E-D2A90C202B63}.Debug|Any CPU.ActiveCfg = Debug|Any CPU
		{37B90B81-2E16-4986-BB0E-D2A90C202B63}.Debug|Any CPU.Build.0 = Debug|Any CPU
		{37B90B81-2E16-4986-BB0E-D2A90C202B63}.Release|Any CPU.ActiveCfg = Release|Any CPU
		{37B90B81-2E16-4986-BB0E-D2A90C202B63}.Release|Any CPU.Build.0 = Release|Any CPU
		{943D01B1-DE29-418E-9E69-B3556BBBCABB}.Debug|Any CPU.ActiveCfg = Debug|Any CPU
		{943D01B1-DE29-418E-9E69-B3556BBBCABB}.Debug|Any CPU.Build.0 = Debug|Any CPU
		{943D01B1-DE29-418E-9E69-B3556BBBCABB}.Release|Any CPU.ActiveCfg = Release|Any CPU
		{943D01B1-DE29-418E-9E69-B3556BBBCABB}.Release|Any CPU.Build.0 = Release|Any CPU
		{F6EC7075-84E4-4CB6-838D-8A0A00EB1B73}.Debug|Any CPU.ActiveCfg = Debug|Any CPU
		{F6EC7075-84E4-4CB6-838D-8A0A00EB1B73}.Debug|Any CPU.Build.0 = Debug|Any CPU
		{F6EC7075-84E4-4CB6-838D-8A0A00EB1B73}.Release|Any CPU.ActiveCfg = Release|Any CPU
		{F6EC7075-84E4-4CB6-838D-8A0A00EB1B73}.Release|Any CPU.Build.0 = Release|Any CPU
	EndGlobalSection
	GlobalSection(SolutionProperties) = preSolution
		HideSolutionNode = FALSE
	EndGlobalSection
	GlobalSection(NestedProjects) = preSolution
		{37B90B81-2E16-4986-BB0E-D2A90C202B63} = {B9786DEB-A96B-4FEF-814B-4320AE32DEB6}
		{A6531486-1757-48E4-9D1A-7FC4AED46D9B} = {A9E3550A-94BA-4036-AB42-714401960D02}
		{943D01B1-DE29-418E-9E69-B3556BBBCABB} = {A6531486-1757-48E4-9D1A-7FC4AED46D9B}
		{384A6288-931A-4DA6-AE51-B8E4C987BD05} = {A9E3550A-94BA-4036-AB42-714401960D02}
		{F6EC7075-84E4-4CB6-838D-8A0A00EB1B73} = {384A6288-931A-4DA6-AE51-B8E4C987BD05}
	EndGlobalSection
	GlobalSection(ExtensibilityGlobals) = postSolution
		SolutionGuid = {A7E98F02-0DAD-4EAD-ACC3-AA436F4558C2}
	EndGlobalSection
EndGlobal
